{
  "nodes": {
    "home-manager-darwin": {
      "inputs": {
        "nixpkgs": [
          "nixpkgs-darwin"
        ]
      },
      "locked": {
        "lastModified": 1749154018,
        "narHash": "sha256-gjN3j7joRvT3a8Zgcylnd4NFsnXeDBumqiu4HmY1RIg=",
        "owner": "nix-community",
        "repo": "home-manager",
        "rev": "7aae0ee71a17b19708b93b3ed448a1a0952bf111",
        "type": "github"
      },
      "original": {
        "owner": "nix-community",
        "ref": "release-25.05",
        "repo": "home-manager",
        "type": "github"
      }
    },
    "nix-darwin": {
      "inputs": {
        "nixpkgs": [
          "nixpkgs-darwin"
        ]
      },
      "locked": {
        "lastModified": 1749744770,
        "narHash": "sha256-MEM9XXHgBF/Cyv1RES1t6gqAX7/tvayBC1r/KPyK1ls=",
        "owner": "nix-darwin",
        "repo": "nix-darwin",
        "rev": "536f951efb1ccda9b968e3c9dee39fbeb6d3fdeb",
        "type": "github"
      },
      "original": {
        "owner": "nix-darwin",
        "ref": "nix-darwin-25.05",
        "repo": "nix-darwin",
        "type": "github"
      }
    },
    "nixpkgs-darwin": {
      "locked": {
        "lastModified": 1749829917,
        "narHash": "sha256-aCNN6C7V3BdThiMEua8ikwBmkq7pKA3CVA6ibqyE/p8=",
        "owner": "NixOS",
        "repo": "nixpkgs",
        "rev": "00aa46e2745bbba956c6e45d9cbedd135b7b1484",
        "type": "github"
      },
      "original": {
        "owner": "NixOS",
        "ref": "nixpkgs-25.05-darwin",
        "repo": "nixpkgs",
        "type": "github"
      }
    },
    "root": {
      "inputs": {
        "home-manager-darwin": "home-manager-darwin",
        "nix-darwin": "nix-darwin",
        "nixpkgs-darwin": "nixpkgs-darwin",
        "z-env": "z-env"
      }
    },
    "z-env": {
      "flake": false,
      "locked": {
        "lastModified": 1746024422,
        "narHash": "sha256-/0j5Ei2r6xpEhK0eCn0O2Uuwc9gw7aotY4ny6LipxkE=",
        "ref": "refs/heads/main",
        "rev": "54fab1a05d80027ad92d15ec4ff16917f7fa5a77",
        "revCount": 1,
        "type": "git",
        "url": "ssh://git@github.com/54zito/z-env.git"
      },
      "original": {
        "type": "git",
        "url": "ssh://git@github.com/54zito/z-env.git"
      }
    }
  },
  "root": "root",
  "version": 7
}
